// !$*UTF8*$!
{
	archiveVersion = 1;
	classes = {
	};
	objectVersion = 46;
	objects = {

/* Begin PBXBuildFile section */
		D4EACBF61E10D421003BBC54 /* main.m in Sources */ = {isa = PBXBuildFile; fileRef = D4EACBF51E10D421003BBC54 /* main.m */; };
		D4EACBF91E10D422003BBC54 /* AppDelegate.m in Sources */ = {isa = PBXBuildFile; fileRef = D4EACBF81E10D422003BBC54 /* AppDelegate.m */; };
		D4EACBFC1E10D422003BBC54 /* ViewController.m in Sources */ = {isa = PBXBuildFile; fileRef = D4EACBFB1E10D422003BBC54 /* ViewController.m */; };
		D4EACC041E10D422003BBC54 /* LaunchScreen.storyboard in Resources */ = {isa = PBXBuildFile; fileRef = D4EACC021E10D422003BBC54 /* LaunchScreen.storyboard */; };
		D4EACC0F1E10D423003BBC54 /* ExploringSliderTests.m in Sources */ = {isa = PBXBuildFile; fileRef = D4EACC0E1E10D423003BBC54 /* ExploringSliderTests.m */; };
		D4EACC1A1E10D423003BBC54 /* ExploringSliderUITests.m in Sources */ = {isa = PBXBuildFile; fileRef = D4EACC191E10D423003BBC54 /* ExploringSliderUITests.m */; };
		D4EACC291E10EF32003BBC54 /* Assets.xcassets in Resources */ = {isa = PBXBuildFile; fileRef = D4EACC281E10EF32003BBC54 /* Assets.xcassets */; };
		D4EACC2B1E10F98B003BBC54 /* Main.storyboard in Resources */ = {isa = PBXBuildFile; fileRef = D4EACC2A1E10F98B003BBC54 /* Main.storyboard */; };
		D4EACC2E1E111240003BBC54 /* Customslider.m in Sources */ = {isa = PBXBuildFile; fileRef = D4EACC2D1E111240003BBC54 /* Customslider.m */; };
/* End PBXBuildFile section */

/* Begin PBXContainerItemProxy section */
		D4EACC0B1E10D423003BBC54 /* PBXContainerItemProxy */ = {
			isa = PBXContainerItemProxy;
			containerPortal = D4EACBE91E10D41F003BBC54 /* Project object */;
			proxyType = 1;
			remoteGlobalIDString = D4EACBF01E10D420003BBC54;
			remoteInfo = ExploringSlider;
		};
		D4EACC161E10D423003BBC54 /* PBXContainerItemProxy */ = {
			isa = PBXContainerItemProxy;
			containerPortal = D4EACBE91E10D41F003BBC54 /* Project object */;
			proxyType = 1;
			remoteGlobalIDString = D4EACBF01E10D420003BBC54;
			remoteInfo = ExploringSlider;
		};
/* End PBXContainerItemProxy section */

/* Begin PBXFileReference section */
		D4EACBF11E10D421003BBC54 /* ExploringSlider.app */ = {isa = PBXFileReference; explicitFileType = wrapper.application; includeInIndex = 0; path = ExploringSlider.app; sourceTree = BUILT_PRODUCTS_DIR; };
		D4EACBF51E10D421003BBC54 /* main.m */ = {isa = PBXFileReference; lastKnownFileType = sourcecode.c.objc; path = main.m; sourceTree = "<group>"; };
		D4EACBF71E10D422003BBC54 /* AppDelegate.h */ = {isa = PBXFileReference; lastKnownFileType = sourcecode.c.h; path = AppDelegate.h; sourceTree = "<group>"; };
		D4EACBF81E10D422003BBC54 /* AppDelegate.m */ = {isa = PBXFileReference; lastKnownFileType = sourcecode.c.objc; path = AppDelegate.m; sourceTree = "<group>"; };
		D4EACBFA1E10D422003BBC54 /* ViewController.h */ = {isa = PBXFileReference; lastKnownFileType = sourcecode.c.h; path = ViewController.h; sourceTree = "<group>"; };
		D4EACBFB1E10D422003BBC54 /* ViewController.m */ = {isa = PBXFileReference; lastKnownFileType = sourcecode.c.objc; path = ViewController.m; sourceTree = "<group>"; };
		D4EACC031E10D422003BBC54 /* Base */ = {isa = PBXFileReference; lastKnownFileType = file.storyboard; name = Base; path = Base.lproj/LaunchScreen.storyboard; sourceTree = "<group>"; };
		D4EACC051E10D422003BBC54 /* Info.plist */ = {isa = PBXFileReference; lastKnownFileType = text.plist.xml; path = Info.plist; sourceTree = "<group>"; };
		D4EACC0A1E10D423003BBC54 /* ExploringSliderTests.xctest */ = {isa = PBXFileReference; explicitFileType = wrapper.cfbundle; includeInIndex = 0; path = ExploringSliderTests.xctest; sourceTree = BUILT_PRODUCTS_DIR; };
		D4EACC0E1E10D423003BBC54 /* ExploringSliderTests.m */ = {isa = PBXFileReference; lastKnownFileType = sourcecode.c.objc; path = ExploringSliderTests.m; sourceTree = "<group>"; };
		D4EACC101E10D423003BBC54 /* Info.plist */ = {isa = PBXFileReference; lastKnownFileType = text.plist.xml; path = Info.plist; sourceTree = "<group>"; };
		D4EACC151E10D423003BBC54 /* ExploringSliderUITests.xctest */ = {isa = PBXFileReference; explicitFileType = wrapper.cfbundle; includeInIndex = 0; path = ExploringSliderUITests.xctest; sourceTree = BUILT_PRODUCTS_DIR; };
		D4EACC191E10D423003BBC54 /* ExploringSliderUITests.m */ = {isa = PBXFileReference; lastKnownFileType = sourcecode.c.objc; path = ExploringSliderUITests.m; sourceTree = "<group>"; };
		D4EACC1B1E10D423003BBC54 /* Info.plist */ = {isa = PBXFileReference; lastKnownFileType = text.plist.xml; path = Info.plist; sourceTree = "<group>"; };
		D4EACC281E10EF32003BBC54 /* Assets.xcassets */ = {isa = PBXFileReference; lastKnownFileType = folder.assetcatalog; path = Assets.xcassets; sourceTree = "<group>"; };
		D4EACC2A1E10F98B003BBC54 /* Main.storyboard */ = {isa = PBXFileReference; fileEncoding = 4; lastKnownFileType = file.storyboard; path = Main.storyboard; sourceTree = "<group>"; };
		D4EACC2C1E111240003BBC54 /* Customslider.h */ = {isa = PBXFileReference; fileEncoding = 4; lastKnownFileType = sourcecode.c.h; path = Customslider.h; sourceTree = "<group>"; };
		D4EACC2D1E111240003BBC54 /* Customslider.m */ = {isa = PBXFileReference; fileEncoding = 4; lastKnownFileType = sourcecode.c.objc; path = Customslider.m; sourceTree = "<group>"; };
/* End PBXFileReference section */

/* Begin PBXFrameworksBuildPhase section */
		D4EACBEE1E10D420003BBC54 /* Frameworks */ = {
			isa = PBXFrameworksBuildPhase;
			buildActionMask = 2147483647;
			files = (
			);
			runOnlyForDeploymentPostprocessing = 0;
		};
		D4EACC071E10D423003BBC54 /* Frameworks */ = {
			isa = PBXFrameworksBuildPhase;
			buildActionMask = 2147483647;
			files = (
			);
			runOnlyForDeploymentPostprocessing = 0;
		};
		D4EACC121E10D423003BBC54 /* Frameworks */ = {
			isa = PBXFrameworksBuildPhase;
			buildActionMask = 2147483647;
			files = (
			);
			runOnlyForDeploymentPostprocessing = 0;
		};
/* End PBXFrameworksBuildPhase section */

/* Begin PBXGroup section */
		D4EACBE81E10D41F003BBC54 = {
			isa = PBXGroup;
			children = (
				D4EACBF31E10D421003BBC54 /* ExploringSlider */,
				D4EACC0D1E10D423003BBC54 /* ExploringSliderTests */,
				D4EACC181E10D423003BBC54 /* ExploringSliderUITests */,
				D4EACBF21E10D421003BBC54 /* Products */,
			);
			sourceTree = "<group>";
		};
		D4EACBF21E10D421003BBC54 /* Products */ = {
			isa = PBXGroup;
			children = (
				D4EACBF11E10D421003BBC54 /* ExploringSlider.app */,
				D4EACC0A1E10D423003BBC54 /* ExploringSliderTests.xctest */,
				D4EACC151E10D423003BBC54 /* ExploringSliderUITests.xctest */,
			);
			name = Products;
			sourceTree = "<group>";
		};
		D4EACBF31E10D421003BBC54 /* ExploringSlider */ = {
			isa = PBXGroup;
			children = (
				D4EACBF71E10D422003BBC54 /* AppDelegate.h */,
				D4EACBF81E10D422003BBC54 /* AppDelegate.m */,
				D4EACBFA1E10D422003BBC54 /* ViewController.h */,
				D4EACBFB1E10D422003BBC54 /* ViewController.m */,
				D4EACC2A1E10F98B003BBC54 /* Main.storyboard */,
				D4EACC281E10EF32003BBC54 /* Assets.xcassets */,
				D4EACC2C1E111240003BBC54 /* Customslider.h */,
				D4EACC2D1E111240003BBC54 /* Customslider.m */,
				D4EACC021E10D422003BBC54 /* LaunchScreen.storyboard */,
				D4EACC051E10D422003BBC54 /* Info.plist */,
				D4EACBF41E10D421003BBC54 /* Supporting Files */,
			);
			path = ExploringSlider;
			sourceTree = "<group>";
		};
		D4EACBF41E10D421003BBC54 /* Supporting Files */ = {
			isa = PBXGroup;
			children = (
				D4EACBF51E10D421003BBC54 /* main.m */,
			);
			name = "Supporting Files";
			sourceTree = "<group>";
		};
		D4EACC0D1E10D423003BBC54 /* ExploringSliderTests */ = {
			isa = PBXGroup;
			children = (
				D4EACC0E1E10D423003BBC54 /* ExploringSliderTests.m */,
				D4EACC101E10D423003BBC54 /* Info.plist */,
			);
			path = ExploringSliderTests;
			sourceTree = "<group>";
		};
		D4EACC181E10D423003BBC54 /* ExploringSliderUITests */ = {
			isa = PBXGroup;
			children = (
				D4EACC191E10D423003BBC54 /* ExploringSliderUITests.m */,
				D4EACC1B1E10D423003BBC54 /* Info.plist */,
			);
			path = ExploringSliderUITests;
			sourceTree = "<group>";
		};
/* End PBXGroup section */

/* Begin PBXNativeTarget section */
		D4EACBF01E10D420003BBC54 /* ExploringSlider */ = {
			isa = PBXNativeTarget;
			buildConfigurationList = D4EACC1E1E10D423003BBC54 /* Build configuration list for PBXNativeTarget "ExploringSlider" */;
			buildPhases = (
				D4EACBED1E10D420003BBC54 /* Sources */,
				D4EACBEE1E10D420003BBC54 /* Frameworks */,
				D4EACBEF1E10D420003BBC54 /* Resources */,
			);
			buildRules = (
			);
			dependencies = (
			);
			name = ExploringSlider;
			productName = ExploringSlider;
			productReference = D4EACBF11E10D421003BBC54 /* ExploringSlider.app */;
			productType = "com.apple.product-type.application";
		};
		D4EACC091E10D423003BBC54 /* ExploringSliderTests */ = {
			isa = PBXNativeTarget;
			buildConfigurationList = D4EACC211E10D423003BBC54 /* Build configuration list for PBXNativeTarget "ExploringSliderTests" */;
			buildPhases = (
				D4EACC061E10D423003BBC54 /* Sources */,
				D4EACC071E10D423003BBC54 /* Frameworks */,
				D4EACC081E10D423003BBC54 /* Resources */,
			);
			buildRules = (
			);
			dependencies = (
				D4EACC0C1E10D423003BBC54 /* PBXTargetDependency */,
			);
			name = ExploringSliderTests;
			productName = ExploringSliderTests;
			productReference = D4EACC0A1E10D423003BBC54 /* ExploringSliderTests.xctest */;
			productType = "com.apple.product-type.bundle.unit-test";
		};
		D4EACC141E10D423003BBC54 /* ExploringSliderUITests */ = {
			isa = PBXNativeTarget;
			buildConfigurationList = D4EACC241E10D423003BBC54 /* Build configuration list for PBXNativeTarget "ExploringSliderUITests" */;
			buildPhases = (
				D4EACC111E10D423003BBC54 /* Sources */,
				D4EACC121E10D423003BBC54 /* Frameworks */,
				D4EACC131E10D423003BBC54 /* Resources */,
			);
			buildRules = (
			);
			dependencies = (
				D4EACC171E10D423003BBC54 /* PBXTargetDependency */,
			);
			name = ExploringSliderUITests;
			productName = ExploringSliderUITests;
			productReference = D4EACC151E10D423003BBC54 /* ExploringSliderUITests.xctest */;
			productType = "com.apple.product-type.bundle.ui-testing";
		};
/* End PBXNativeTarget section */

/* Begin PBXProject section */
		D4EACBE91E10D41F003BBC54 /* Project object */ = {
			isa = PBXProject;
			attributes = {
				LastUpgradeCheck = 0800;
				ORGANIZATIONNAME = "Neha Singh";
				TargetAttributes = {
					D4EACBF01E10D420003BBC54 = {
						CreatedOnToolsVersion = 8.0;
						ProvisioningStyle = Automatic;
					};
					D4EACC091E10D423003BBC54 = {
						CreatedOnToolsVersion = 8.0;
						ProvisioningStyle = Automatic;
						TestTargetID = D4EACBF01E10D420003BBC54;
					};
					D4EACC141E10D423003BBC54 = {
						CreatedOnToolsVersion = 8.0;
						ProvisioningStyle = Automatic;
						TestTargetID = D4EACBF01E10D420003BBC54;
					};
				};
			};
			buildConfigurationList = D4EACBEC1E10D420003BBC54 /* Build configuration list for PBXProject "ExploringSlider" */;
			compatibilityVersion = "Xcode 3.2";
			developmentRegion = English;
			hasScannedForEncodings = 0;
			knownRegions = (
				en,
				Base,
			);
			mainGroup = D4EACBE81E10D41F003BBC54;
			productRefGroup = D4EACBF21E10D421003BBC54 /* Products */;
			projectDirPath = "";
			projectRoot = "";
			targets = (
				D4EACBF01E10D420003BBC54 /* ExploringSlider */,
				D4EACC091E10D423003BBC54 /* ExploringSliderTests */,
				D4EACC141E10D423003BBC54 /* ExploringSliderUITests */,
			);
		};
/* End PBXProject section */

/* Begin PBXResourcesBuildPhase section */
		D4EACBEF1E10D420003BBC54 /* Resources */ = {
			isa = PBXResourcesBuildPhase;
			buildActionMask = 2147483647;
			files = (
				D4EACC2B1E10F98B003BBC54 /* Main.storyboard in Resources */,
				D4EACC041E10D422003BBC54 /* LaunchScreen.storyboard in Resources */,
				D4EACC291E10EF32003BBC54 /* Assets.xcassets in Resources */,
			);
			runOnlyForDeploymentPostprocessing = 0;
		};
		D4EACC081E10D423003BBC54 /* Resources */ = {
			isa = PBXResourcesBuildPhase;
			buildActionMask = 2147483647;
			files = (
			);
			runOnlyForDeploymentPostprocessing = 0;
		};
		D4EACC131E10D423003BBC54 /* Resources */ = {
			isa = PBXResourcesBuildPhase;
			buildActionMask = 2147483647;
			files = (
			);
			runOnlyForDeploymentPostprocessing = 0;
		};
/* End PBXResourcesBuildPhase section */

/* Begin PBXSourcesBuildPhase section */
		D4EACBED1E10D420003BBC54 /* Sources */ = {
			isa = PBXSourcesBuildPhase;
			buildActionMask = 2147483647;
			files = (
				D4EACBFC1E10D422003BBC54 /* ViewController.m in Sources */,
				D4EACBF91E10D422003BBC54 /* AppDelegate.m in Sources */,
				D4EACBF61E10D421003BBC54 /* main.m in Sources */,
				D4EACC2E1E111240003BBC54 /* Customslider.m in Sources */,
			);
			runOnlyForDeploymentPostprocessing = 0;
		};
		D4EACC061E10D423003BBC54 /* Sources */ = {
			isa = PBXSourcesBuildPhase;
			buildActionMask = 2147483647;
			files = (
				D4EACC0F1E10D423003BBC54 /* ExploringSliderTests.m in Sources */,
			);
			runOnlyForDeploymentPostprocessing = 0;
		};
		D4EACC111E10D423003BBC54 /* Sources */ = {
			isa = PBXSourcesBuildPhase;
			buildActionMask = 2147483647;
			files = (
				D4EACC1A1E10D423003BBC54 /* ExploringSliderUITests.m in Sources */,
			);
			runOnlyForDeploymentPostprocessing = 0;
		};
/* End PBXSourcesBuildPhase section */

/* Begin PBXTargetDependency section */
		D4EACC0C1E10D423003BBC54 /* PBXTargetDependency */ = {
			isa = PBXTargetDependency;
			target = D4EACBF01E10D420003BBC54 /* ExploringSlider */;
			targetProxy = D4EACC0B1E10D423003BBC54 /* PBXContainerItemProxy */;
		};
		D4EACC171E10D423003BBC54 /* PBXTargetDependency */ = {
			isa = PBXTargetDependency;
			target = D4EACBF01E10D420003BBC54 /* ExploringSlider */;
			targetProxy = D4EACC161E10D423003BBC54 /* PBXContainerItemProxy */;
		};
/* End PBXTargetDependency section */

/* Begin PBXVariantGroup section */
		D4EACC021E10D422003BBC54 /* LaunchScreen.storyboard */ = {
			isa = PBXVariantGroup;
			children = (
				D4EACC031E10D422003BBC54 /* Base */,
			);
			name = LaunchScreen.storyboard;
			sourceTree = "<group>";
		};
/* End PBXVariantGroup section */

/* Begin XCBuildConfiguration section */
		D4EACC1C1E10D423003BBC54 /* Debug */ = {
			isa = XCBuildConfiguration;
			buildSettings = {
				ALWAYS_SEARCH_USER_PATHS = NO;
				CLANG_ANALYZER_NONNULL = YES;
				CLANG_CXX_LANGUAGE_STANDARD = "gnu++0x";
				CLANG_CXX_LIBRARY = "libc++";
				CLANG_ENABLE_MODULES = YES;
				CLANG_ENABLE_OBJC_ARC = YES;
				CLANG_WARN_BOOL_CONVERSION = YES;
				CLANG_WARN_CONSTANT_CONVERSION = YES;
				CLANG_WARN_DIRECT_OBJC_ISA_USAGE = YES_ERROR;
				CLANG_WARN_DOCUMENTATION_COMMENTS = YES;
				CLANG_WARN_EMPTY_BODY = YES;
				CLANG_WARN_ENUM_CONVERSION = YES;
				CLANG_WARN_INFINITE_RECURSION = YES;
				CLANG_WARN_INT_CONVERSION = YES;
				CLANG_WARN_OBJC_ROOT_CLASS = YES_ERROR;
				CLANG_WARN_SUSPICIOUS_MOVES = YES;
				CLANG_WARN_UNREACHABLE_CODE = YES;
				CLANG_WARN__DUPLICATE_METHOD_MATCH = YES;
				"CODE_SIGN_IDENTITY[sdk=iphoneos*]" = "iPhone Developer";
				COPY_PHASE_STRIP = NO;
				DEBUG_INFORMATION_FORMAT = dwarf;
				ENABLE_STRICT_OBJC_MSGSEND = YES;
				ENABLE_TESTABILITY = YES;
				GCC_C_LANGUAGE_STANDARD = gnu99;
				GCC_DYNAMIC_NO_PIC = NO;
				GCC_NO_COMMON_BLOCKS = YES;
				GCC_OPTIMIZATION_LEVEL = 0;
				GCC_PREPROCESSOR_DEFINITIONS = (
					"DEBUG=1",
					"$(inherited)",
				);
				GCC_WARN_64_TO_32_BIT_CONVERSION = YES;
				GCC_WARN_ABOUT_RETURN_TYPE = YES_ERROR;
				GCC_WARN_UNDECLARED_SELECTOR = YES;
				GCC_WARN_UNINITIALIZED_AUTOS = YES_AGGRESSIVE;
				GCC_WARN_UNUSED_FUNCTION = YES;
				GCC_WARN_UNUSED_VARIABLE = YES;
				IPHONEOS_DEPLOYMENT_TARGET = 10.0;
				MTL_ENABLE_DEBUG_INFO = YES;
				ONLY_ACTIVE_ARCH = YES;
				SDKROOT = iphoneos;
			};
			name = Debug;
		};
		D4EACC1D1E10D423003BBC54 /* Release */ = {
			isa = XCBuildConfiguration;
			buildSettings = {
				ALWAYS_SEARCH_USER_PATHS = NO;
				CLANG_ANALYZER_NONNULL = YES;
				CLANG_CXX_LANGUAGE_STANDARD = "gnu++0x";
				CLANG_CXX_LIBRARY = "libc++";
				CLANG_ENABLE_MODULES = YES;
				CLANG_ENABLE_OBJC_ARC = YES;
				CLANG_WARN_BOOL_CONVERSION = YES;
				CLANG_WARN_CONSTANT_CONVERSION = YES;
				CLANG_WARN_DIRECT_OBJC_ISA_USAGE = YES_ERROR;
				CLANG_WARN_DOCUMENTATION_COMMENTS = YES;
				CLANG_WARN_EMPTY_BODY = YES;
				CLANG_WARN_ENUM_CONVERSION = YES;
				CLANG_WARN_INFINITE_RECURSION = YES;
				CLANG_WARN_INT_CONVERSION = YES;
				CLANG_WARN_OBJC_ROOT_CLASS = YES_ERROR;
				CLANG_WARN_SUSPICIOUS_MOVES = YES;
				CLANG_WARN_UNREACHABLE_CODE = YES;
				CLANG_WARN__DUPLICATE_METHOD_MATCH = YES;
				"CODE_SIGN_IDENTITY[sdk=iphoneos*]" = "iPhone Developer";
				COPY_PHASE_STRIP = NO;
				DEBUG_INFORMATION_FORMAT = "dwarf-with-dsym";
				ENABLE_NS_ASSERTIONS = NO;
				ENABLE_STRICT_OBJC_MSGSEND = YES;
				GCC_C_LANGUAGE_STANDARD = gnu99;
				GCC_NO_COMMON_BLOCKS = YES;
				GCC_WARN_64_TO_32_BIT_CONVERSION = YES;
				GCC_WARN_ABOUT_RETURN_TYPE = YES_ERROR;
				GCC_WARN_UNDECLARED_SELECTOR = YES;
				GCC_WARN_UNINITIALIZED_AUTOS = YES_AGGRESSIVE;
				GCC_WARN_UNUSED_FUNCTION = YES;
				GCC_WARN_UNUSED_VARIABLE = YES;
				IPHONEOS_DEPLOYMENT_TARGET = 10.0;
				MTL_ENABLE_DEBUG_INFO = NO;
				SDKROOT = iphoneos;
				VALIDATE_PRODUCT = YES;
			};
			name = Release;
		};
		D4EACC1F1E10D423003BBC54 /* Debug */ = {
			isa = XCBuildConfiguration;
			buildSettings = {
				ASSETCATALOG_COMPILER_APPICON_NAME = AppIcon;
				INFOPLIST_FILE = ExploringSlider/Info.plist;
				LD_RUNPATH_SEARCH_PATHS = "$(inherited) @executable_path/Frameworks";
				PRODUCT_BUNDLE_IDENTIFIER = Test.ExploringSlider;
				PRODUCT_NAME = "$(TARGET_NAME)";
			};
			name = Debug;
		};
		D4EACC201E10D423003BBC54 /* Release */ = {
			isa = XCBuildConfiguration;
			buildSettings = {
				ASSETCATALOG_COMPILER_APPICON_NAME = AppIcon;
				INFOPLIST_FILE = ExploringSlider/Info.plist;
				LD_RUNPATH_SEARCH_PATHS = "$(inherited) @executable_path/Frameworks";
				PRODUCT_BUNDLE_IDENTIFIER = Test.ExploringSlider;
				PRODUCT_NAME = "$(TARGET_NAME)";
			};
			name = Release;
		};
		D4EACC221E10D423003BBC54 /* Debug */ = {
			isa = XCBuildConfiguration;
			buildSettings = {
				BUNDLE_LOADER = "$(TEST_HOST)";
				INFOPLIST_FILE = ExploringSliderTests/Info.plist;
				LD_RUNPATH_SEARCH_PATHS = "$(inherited) @executable_path/Frameworks @loader_path/Frameworks";
				PRODUCT_BUNDLE_IDENTIFIER = Test.ExploringSliderTests;
				PRODUCT_NAME = "$(TARGET_NAME)";
				TEST_HOST = "$(BUILT_PRODUCTS_DIR)/ExploringSlider.app/ExploringSlider";
			};
			name = Debug;
		};
		D4EACC231E10D423003BBC54 /* Release */ = {
			isa = XCBuildConfiguration;
			buildSettings = {
				BUNDLE_LOADER = "$(TEST_HOST)";
				INFOPLIST_FILE = ExploringSliderTests/Info.plist;
				LD_RUNPATH_SEARCH_PATHS = "$(inherited) @executable_path/Frameworks @loader_path/Frameworks";
				PRODUCT_BUNDLE_IDENTIFIER = Test.ExploringSliderTests;
				PRODUCT_NAME = "$(TARGET_NAME)";
				TEST_HOST = "$(BUILT_PRODUCTS_DIR)/ExploringSlider.app/ExploringSlider";
			};
			name = Release;
		};
		D4EACC251E10D423003BBC54 /* Debug */ = {
			isa = XCBuildConfiguration;
			buildSettings = {
				INFOPLIST_FILE = ExploringSliderUITests/Info.plist;
				LD_RUNPATH_SEARCH_PATHS = "$(inherited) @executable_path/Frameworks @loader_path/Frameworks";
				PRODUCT_BUNDLE_IDENTIFIER = Test.ExploringSliderUITests;
				PRODUCT_NAME = "$(TARGET_NAME)";
				TEST_TARGET_NAME = ExploringSlider;
			};
			name = Debug;
		};
		D4EACC261E10D423003BBC54 /* Release */ = {
			isa = XCBuildConfiguration;
			buildSettings = {
				INFOPLIST_FILE = ExploringSliderUITests/Info.plist;
				LD_RUNPATH_SEARCH_PATHS = "$(inherited) @executable_path/Frameworks @loader_path/Frameworks";
				PRODUCT_BUNDLE_IDENTIFIER = Test.ExploringSliderUITests;
				PRODUCT_NAME = "$(TARGET_NAME)";
				TEST_TARGET_NAME = ExploringSlider;
			};
			name = Release;
		};
/* End XCBuildConfiguration section */

/* Begin XCConfigurationList section */
		D4EACBEC1E10D420003BBC54 /* Build configuration list for PBXProject "ExploringSlider" */ = {
			isa = XCConfigurationList;
			buildConfigurations = (
				D4EACC1C1E10D423003BBC54 /* Debug */,
				D4EACC1D1E10D423003BBC54 /* Release */,
			);
			defaultConfigurationIsVisible = 0;
			defaultConfigurationName = Release;
		};
		D4EACC1E1E10D423003BBC54 /* Build configuration list for PBXNativeTarget "ExploringSlider" */ = {
			isa = XCConfigurationList;
			buildConfigurations = (
				D4EACC1F1E10D423003BBC54 /* Debug */,
				D4EACC201E10D423003BBC54 /* Release */,
			);
			defaultConfigurationIsVisible = 0;
		};
		D4EACC211E10D423003BBC54 /* Build configuration list for PBXNativeTarget "ExploringSliderTests" */ = {
			isa = XCConfigurationList;
			buildConfigurations = (
				D4EACC221E10D423003BBC54 /* Debug */,
				D4EACC231E10D423003BBC54 /* Release */,
			);
			defaultConfigurationIsVisible = 0;
		};
		D4EACC241E10D423003BBC54 /* Build configuration list for PBXNativeTarget "ExploringSliderUITests" */ = {
			isa = XCConfigurationList;
			buildConfigurations = (
				D4EACC251E10D423003BBC54 /* Debug */,
				D4EACC261E10D423003BBC54 /* Release */,
			);
			defaultConfigurationIsVisible = 0;
		};
/* End XCConfigurationList section */
	};
	rootObject = D4EACBE91E10D41F003BBC54 /* Project object */;
}
